// !$*UTF8*$!
{
	archiveVersion = 1;
	classes = {
	};
	objectVersion = 56;
	objects = {

/* Begin PBXBuildFile section */
		A00000000000000000000020 /* NegiPadApp.swift in Sources */ = {isa = PBXBuildFile; fileRef = A00000000000000000000010 /* NegiPadApp.swift */; };
		A00000000000000000000021 /* AppCategory.swift in Sources */ = {isa = PBXBuildFile; fileRef = A00000000000000000000011 /* AppCategory.swift */; };
		A00000000000000000000022 /* AppItem.swift in Sources */ = {isa = PBXBuildFile; fileRef = A00000000000000000000012 /* AppItem.swift */; };
		A00000000000000000000023 /* AppScanner.swift in Sources */ = {isa = PBXBuildFile; fileRef = A00000000000000000000013 /* AppScanner.swift */; };
		A00000000000000000000024 /* AppLibrary.swift in Sources */ = {isa = PBXBuildFile; fileRef = A00000000000000000000014 /* AppLibrary.swift */; };
		A00000000000000000000025 /* AppTileView.swift in Sources */ = {isa = PBXBuildFile; fileRef = A00000000000000000000015 /* AppTileView.swift */; };
		A00000000000000000000026 /* ContentView.swift in Sources */ = {isa = PBXBuildFile; fileRef = A00000000000000000000016 /* ContentView.swift */; };
		A00000000000000000000027 /* AppDelegate.swift in Sources */ = {isa = PBXBuildFile; fileRef = A00000000000000000000017 /* AppDelegate.swift */; };
		A00000000000000000000028 /* LauncherView.swift in Sources */ = {isa = PBXBuildFile; fileRef = A00000000000000000000018 /* LauncherView.swift */; };
		A00000000000000000000029 /* AppFolder.swift in Sources */ = {isa = PBXBuildFile; fileRef = A00000000000000000000019 /* AppFolder.swift */; };
		A0000000000000000000002A /* AppIconLoader.swift in Sources */ = {isa = PBXBuildFile; fileRef = A0000000000000000000001A /* AppIconLoader.swift */; };
		A0000000000000000000002B /* AppIconView.swift in Sources */ = {isa = PBXBuildFile; fileRef = A0000000000000000000001B /* AppIconView.swift */; };
		A0000000000000000000002C /* GlobalShortcutManager.swift in Sources */ = {isa = PBXBuildFile; fileRef = A0000000000000000000001C /* GlobalShortcutManager.swift */; };
		A0000000000000000000002D /* ShortcutSettingsView.swift in Sources */ = {isa = PBXBuildFile; fileRef = A0000000000000000000001D /* ShortcutSettingsView.swift */; };
		A0000000000000000000002E /* LauncherSettings.swift in Sources */ = {isa = PBXBuildFile; fileRef = A0000000000000000000001E /* LauncherSettings.swift */; };
		A0000000000000000000002F /* LauncherSettingsView.swift in Sources */ = {isa = PBXBuildFile; fileRef = A0000000000000000000001F /* LauncherSettingsView.swift */; };
		B00000000000000000000020 /* ApplicationDirectoryMonitor.swift in Sources */ = {isa = PBXBuildFile; fileRef = B00000000000000000000010 /* ApplicationDirectoryMonitor.swift */; };
		B00000000000000000000021 /* GeneralSettingsView.swift in Sources */ = {isa = PBXBuildFile; fileRef = B00000000000000000000011 /* GeneralSettingsView.swift */; };
		B00000000000000000000022 /* FolderManagerView.swift in Sources */ = {isa = PBXBuildFile; fileRef = B00000000000000000000012 /* FolderManagerView.swift */; };
		B00000000000000000000023 /* AppUsage.swift in Sources */ = {isa = PBXBuildFile; fileRef = B00000000000000000000013 /* AppUsage.swift */; };
		B00000000000000000000024 /* AppSearchEngine.swift in Sources */ = {isa = PBXBuildFile; fileRef = B00000000000000000000014 /* AppSearchEngine.swift */; };
		B00000000000000000000025 /* CalculatorEngine.swift in Sources */ = {isa = PBXBuildFile; fileRef = B00000000000000000000015 /* CalculatorEngine.swift */; };
		B00000000000000000000026 /* ToolboxSettings.swift in Sources */ = {isa = PBXBuildFile; fileRef = B00000000000000000000016 /* ToolboxSettings.swift */; };
		B00000000000000000000027 /* ToolboxSettingsView.swift in Sources */ = {isa = PBXBuildFile; fileRef = B00000000000000000000017 /* ToolboxSettingsView.swift */; };
		B00000000000000000000028 /* SearchKeywordGroup.swift in Sources */ = {isa = PBXBuildFile; fileRef = B00000000000000000000018 /* SearchKeywordGroup.swift */; };
		B00000000000000000000029 /* KeywordSettingsView.swift in Sources */ = {isa = PBXBuildFile; fileRef = B00000000000000000000019 /* KeywordSettingsView.swift */; };
		B0000000000000000000002A /* LegacyDefaultsMigration.swift in Sources */ = {isa = PBXBuildFile; fileRef = B0000000000000000000001A /* LegacyDefaultsMigration.swift */; };
/* End PBXBuildFile section */

/* Begin PBXFileReference section */
		A00000000000000000000009 /* NegiPad.app */ = {isa = PBXFileReference; explicitFileType = wrapper.application; includeInIndex = 0; path = NegiPad.app; sourceTree = BUILT_PRODUCTS_DIR; };
		A00000000000000000000010 /* NegiPadApp.swift */ = {isa = PBXFileReference; lastKnownFileType = sourcecode.swift; path = NegiPadApp.swift; sourceTree = "<group>"; };
		A00000000000000000000011 /* AppCategory.swift */ = {isa = PBXFileReference; lastKnownFileType = sourcecode.swift; path = AppCategory.swift; sourceTree = "<group>"; };
		A00000000000000000000012 /* AppItem.swift */ = {isa = PBXFileReference; lastKnownFileType = sourcecode.swift; path = AppItem.swift; sourceTree = "<group>"; };
		A00000000000000000000013 /* AppScanner.swift */ = {isa = PBXFileReference; lastKnownFileType = sourcecode.swift; path = AppScanner.swift; sourceTree = "<group>"; };
		A00000000000000000000014 /* AppLibrary.swift */ = {isa = PBXFileReference; lastKnownFileType = sourcecode.swift; path = AppLibrary.swift; sourceTree = "<group>"; };
		A00000000000000000000015 /* AppTileView.swift */ = {isa = PBXFileReference; lastKnownFileType = sourcecode.swift; path = AppTileView.swift; sourceTree = "<group>"; };
		A00000000000000000000016 /* ContentView.swift */ = {isa = PBXFileReference; lastKnownFileType = sourcecode.swift; path = ContentView.swift; sourceTree = "<group>"; };
		A00000000000000000000017 /* AppDelegate.swift */ = {isa = PBXFileReference; lastKnownFileType = sourcecode.swift; path = AppDelegate.swift; sourceTree = "<group>"; };
		A00000000000000000000018 /* LauncherView.swift */ = {isa = PBXFileReference; lastKnownFileType = sourcecode.swift; path = LauncherView.swift; sourceTree = "<group>"; };
		A00000000000000000000019 /* AppFolder.swift */ = {isa = PBXFileReference; lastKnownFileType = sourcecode.swift; path = AppFolder.swift; sourceTree = "<group>"; };
		A0000000000000000000001A /* AppIconLoader.swift */ = {isa = PBXFileReference; lastKnownFileType = sourcecode.swift; path = AppIconLoader.swift; sourceTree = "<group>"; };
		A0000000000000000000001B /* AppIconView.swift */ = {isa = PBXFileReference; lastKnownFileType = sourcecode.swift; path = AppIconView.swift; sourceTree = "<group>"; };
		A0000000000000000000001C /* GlobalShortcutManager.swift */ = {isa = PBXFileReference; lastKnownFileType = sourcecode.swift; path = GlobalShortcutManager.swift; sourceTree = "<group>"; };
		A0000000000000000000001D /* ShortcutSettingsView.swift */ = {isa = PBXFileReference; lastKnownFileType = sourcecode.swift; path = ShortcutSettingsView.swift; sourceTree = "<group>"; };
		A0000000000000000000001E /* LauncherSettings.swift */ = {isa = PBXFileReference; lastKnownFileType = sourcecode.swift; path = LauncherSettings.swift; sourceTree = "<group>"; };
		A0000000000000000000001F /* LauncherSettingsView.swift */ = {isa = PBXFileReference; lastKnownFileType = sourcecode.swift; path = LauncherSettingsView.swift; sourceTree = "<group>"; };
		B00000000000000000000010 /* ApplicationDirectoryMonitor.swift */ = {isa = PBXFileReference; lastKnownFileType = sourcecode.swift; path = ApplicationDirectoryMonitor.swift; sourceTree = "<group>"; };
		B00000000000000000000011 /* GeneralSettingsView.swift */ = {isa = PBXFileReference; lastKnownFileType = sourcecode.swift; path = GeneralSettingsView.swift; sourceTree = "<group>"; };
		B00000000000000000000012 /* FolderManagerView.swift */ = {isa = PBXFileReference; lastKnownFileType = sourcecode.swift; path = FolderManagerView.swift; sourceTree = "<group>"; };
		B00000000000000000000013 /* AppUsage.swift */ = {isa = PBXFileReference; lastKnownFileType = sourcecode.swift; path = AppUsage.swift; sourceTree = "<group>"; };
		B00000000000000000000014 /* AppSearchEngine.swift */ = {isa = PBXFileReference; lastKnownFileType = sourcecode.swift; path = AppSearchEngine.swift; sourceTree = "<group>"; };
		B00000000000000000000015 /* CalculatorEngine.swift */ = {isa = PBXFileReference; lastKnownFileType = sourcecode.swift; path = CalculatorEngine.swift; sourceTree = "<group>"; };
		B00000000000000000000016 /* ToolboxSettings.swift */ = {isa = PBXFileReference; lastKnownFileType = sourcecode.swift; path = ToolboxSettings.swift; sourceTree = "<group>"; };
		B00000000000000000000017 /* ToolboxSettingsView.swift */ = {isa = PBXFileReference; lastKnownFileType = sourcecode.swift; path = ToolboxSettingsView.swift; sourceTree = "<group>"; };
		B00000000000000000000018 /* SearchKeywordGroup.swift */ = {isa = PBXFileReference; lastKnownFileType = sourcecode.swift; path = SearchKeywordGroup.swift; sourceTree = "<group>"; };
		B00000000000000000000019 /* KeywordSettingsView.swift */ = {isa = PBXFileReference; lastKnownFileType = sourcecode.swift; path = KeywordSettingsView.swift; sourceTree = "<group>"; };
		B0000000000000000000001A /* LegacyDefaultsMigration.swift */ = {isa = PBXFileReference; lastKnownFileType = sourcecode.swift; path = LegacyDefaultsMigration.swift; sourceTree = "<group>"; };
/* End PBXFileReference section */

/* Begin PBXFrameworksBuildPhase section */
		A00000000000000000000031 /* Frameworks */ = {
			isa = PBXFrameworksBuildPhase;
			buildActionMask = 2147483647;
			files = (
			);
			runOnlyForDeploymentPostprocessing = 0;
		};
/* End PBXFrameworksBuildPhase section */

/* Begin PBXGroup section */
		A00000000000000000000002 = {
			isa = PBXGroup;
			children = (
				A00000000000000000000004 /* Sources */,
				A00000000000000000000003 /* Products */,
			);
			sourceTree = "<group>";
		};
		A00000000000000000000003 /* Products */ = {
			isa = PBXGroup;
			children = (
				A00000000000000000000009 /* NegiPad.app */,
			);
			name = Products;
			sourceTree = "<group>";
		};
		A00000000000000000000004 /* Sources */ = {
			isa = PBXGroup;
			children = (
				A00000000000000000000010 /* NegiPadApp.swift */,
				A00000000000000000000017 /* AppDelegate.swift */,
				A00000000000000000000005 /* Models */,
				A00000000000000000000006 /* Services */,
				A00000000000000000000007 /* ViewModels */,
				A00000000000000000000008 /* Views */,
			);
			name = NegiPad;
			path = Sources/NegiPad;
			sourceTree = "<group>";
		};
		A00000000000000000000005 /* Models */ = {
			isa = PBXGroup;
			children = (
				A00000000000000000000011 /* AppCategory.swift */,
				A00000000000000000000012 /* AppItem.swift */,
				A00000000000000000000019 /* AppFolder.swift */,
				B00000000000000000000013 /* AppUsage.swift */,
				B00000000000000000000018 /* SearchKeywordGroup.swift */,
			);
			path = Models;
			sourceTree = "<group>";
		};
		A00000000000000000000006 /* Services */ = {
			isa = PBXGroup;
			children = (
				A00000000000000000000013 /* AppScanner.swift */,
				A0000000000000000000001A /* AppIconLoader.swift */,
				A0000000000000000000001C /* GlobalShortcutManager.swift */,
				A0000000000000000000001E /* LauncherSettings.swift */,
				B00000000000000000000010 /* ApplicationDirectoryMonitor.swift */,
				B00000000000000000000014 /* AppSearchEngine.swift */,
				B00000000000000000000015 /* CalculatorEngine.swift */,
				B00000000000000000000016 /* ToolboxSettings.swift */,
				B0000000000000000000001A /* LegacyDefaultsMigration.swift */,
			);
			path = Services;
			sourceTree = "<group>";
		};
		A00000000000000000000007 /* ViewModels */ = {
			isa = PBXGroup;
			children = (
				A00000000000000000000014 /* AppLibrary.swift */,
			);
			path = ViewModels;
			sourceTree = "<group>";
		};
		A00000000000000000000008 /* Views */ = {
			isa = PBXGroup;
			children = (
				A00000000000000000000015 /* AppTileView.swift */,
				A00000000000000000000016 /* ContentView.swift */,
				A00000000000000000000018 /* LauncherView.swift */,
				A0000000000000000000001B /* AppIconView.swift */,
				A0000000000000000000001D /* ShortcutSettingsView.swift */,
				A0000000000000000000001F /* LauncherSettingsView.swift */,
				B00000000000000000000011 /* GeneralSettingsView.swift */,
				B00000000000000000000012 /* FolderManagerView.swift */,
				B00000000000000000000017 /* ToolboxSettingsView.swift */,
				B00000000000000000000019 /* KeywordSettingsView.swift */,
			);
			path = Views;
			sourceTree = "<group>";
		};
/* End PBXGroup section */

/* Begin PBXNativeTarget section */
		A00000000000000000000040 /* NegiPad */ = {
			isa = PBXNativeTarget;
			buildConfigurationList = A00000000000000000000051 /* Build configuration list for PBXNativeTarget "NegiPad" */;
			buildPhases = (
				A00000000000000000000030 /* Sources */,
				A00000000000000000000031 /* Frameworks */,
				A00000000000000000000032 /* Resources */,
			);
			buildRules = (
			);
			dependencies = (
			);
			name = NegiPad;
			productName = NegiPad;
			productReference = A00000000000000000000009 /* NegiPad.app */;
			productType = "com.apple.product-type.application";
		};
/* End PBXNativeTarget section */

/* Begin PBXProject section */
		A00000000000000000000001 /* Project object */ = {
			isa = PBXProject;
			attributes = {
				BuildIndependentTargetsInParallel = 1;
				LastSwiftUpdateCheck = 2660;
				LastUpgradeCheck = 2660;
				TargetAttributes = {
					A00000000000000000000040 = {
						CreatedOnToolsVersion = 26.6;
					};
				};
			};
			buildConfigurationList = A00000000000000000000050 /* Build configuration list for PBXProject "NegiPad" */;
			compatibilityVersion = "Xcode 14.0";
			developmentRegion = en;
			hasScannedForEncodings = 0;
			knownRegions = (
				en,
				Base,
				zh-Hans,
			);
			mainGroup = A00000000000000000000002;
			productRefGroup = A00000000000000000000003 /* Products */;
			projectDirPath = "";
			projectRoot = "";
			targets = (
				A00000000000000000000040 /* NegiPad */,
			);
		};
/* End PBXProject section */

/* Begin PBXResourcesBuildPhase section */
		A00000000000000000000032 /* Resources */ = {
			isa = PBXResourcesBuildPhase;
			buildActionMask = 2147483647;
			files = (
			);
			runOnlyForDeploymentPostprocessing = 0;
		};
/* End PBXResourcesBuildPhase section */

/* Begin PBXSourcesBuildPhase section */
		A00000000000000000000030 /* Sources */ = {
			isa = PBXSourcesBuildPhase;
			buildActionMask = 2147483647;
			files = (
				A00000000000000000000020 /* NegiPadApp.swift in Sources */,
				A00000000000000000000021 /* AppCategory.swift in Sources */,
				A00000000000000000000022 /* AppItem.swift in Sources */,
				A00000000000000000000023 /* AppScanner.swift in Sources */,
				A00000000000000000000024 /* AppLibrary.swift in Sources */,
				A00000000000000000000025 /* AppTileView.swift in Sources */,
				A00000000000000000000026 /* ContentView.swift in Sources */,
				A00000000000000000000027 /* AppDelegate.swift in Sources */,
				A00000000000000000000028 /* LauncherView.swift in Sources */,
				A00000000000000000000029 /* AppFolder.swift in Sources */,
				A0000000000000000000002A /* AppIconLoader.swift in Sources */,
				A0000000000000000000002B /* AppIconView.swift in Sources */,
				A0000000000000000000002C /* GlobalShortcutManager.swift in Sources */,
				A0000000000000000000002D /* ShortcutSettingsView.swift in Sources */,
				A0000000000000000000002E /* LauncherSettings.swift in Sources */,
				A0000000000000000000002F /* LauncherSettingsView.swift in Sources */,
				B00000000000000000000020 /* ApplicationDirectoryMonitor.swift in Sources */,
				B00000000000000000000021 /* GeneralSettingsView.swift in Sources */,
				B00000000000000000000022 /* FolderManagerView.swift in Sources */,
				B00000000000000000000023 /* AppUsage.swift in Sources */,
				B00000000000000000000024 /* AppSearchEngine.swift in Sources */,
				B00000000000000000000025 /* CalculatorEngine.swift in Sources */,
				B00000000000000000000026 /* ToolboxSettings.swift in Sources */,
				B00000000000000000000027 /* ToolboxSettingsView.swift in Sources */,
				B00000000000000000000028 /* SearchKeywordGroup.swift in Sources */,
				B00000000000000000000029 /* KeywordSettingsView.swift in Sources */,
				B0000000000000000000002A /* LegacyDefaultsMigration.swift in Sources */,
			);
			runOnlyForDeploymentPostprocessing = 0;
		};
/* End PBXSourcesBuildPhase section */

/* Begin XCBuildConfiguration section */
		A00000000000000000000060 /* Debug */ = {
			isa = XCBuildConfiguration;
			buildSettings = {
				ALWAYS_SEARCH_USER_PATHS = NO;
				CLANG_ANALYZER_NONNULL = YES;
				CLANG_ANALYZER_NUMBER_OBJECT_CONVERSION = YES_AGGRESSIVE;
				CLANG_CXX_LANGUAGE_STANDARD = "gnu++20";
				CLANG_ENABLE_MODULES = YES;
				CLANG_ENABLE_OBJC_ARC = YES;
				CLANG_WARN_BLOCK_CAPTURE_AUTORELEASING = YES;
				CLANG_WARN_BOOL_CONVERSION = YES;
				CLANG_WARN_COMMA = YES;
				CLANG_WARN_CONSTANT_CONVERSION = YES;
				CLANG_WARN_DEPRECATED_OBJC_IMPLEMENTATIONS = YES;
				CLANG_WARN_DIRECT_OBJC_ISA_USAGE = YES_ERROR;
				CLANG_WARN_DOCUMENTATION_COMMENTS = YES;
				CLANG_WARN_EMPTY_BODY = YES;
				CLANG_WARN_ENUM_CONVERSION = YES;
				CLANG_WARN_INFINITE_RECURSION = YES;
				CLANG_WARN_INT_CONVERSION = YES;
				CLANG_WARN_NON_LITERAL_NULL_CONVERSION = YES;
				CLANG_WARN_OBJC_IMPLICIT_RETAIN_SELF = YES;
				CLANG_WARN_OBJC_LITERAL_CONVERSION = YES;
				CLANG_WARN_OBJC_ROOT_CLASS = YES_ERROR;
				CLANG_WARN_QUOTED_INCLUDE_IN_FRAMEWORK_HEADER = YES;
				CLANG_WARN_RANGE_LOOP_ANALYSIS = YES;
				CLANG_WARN_STRICT_PROTOTYPES = YES;
				CLANG_WARN_SUSPICIOUS_MOVE = YES;
				CLANG_WARN_UNGUARDED_AVAILABILITY = YES_AGGRESSIVE;
				CLANG_WARN_UNREACHABLE_CODE = YES;
				CLANG_WARN__DUPLICATE_METHOD_MATCH = YES;
				COPY_PHASE_STRIP = NO;
				DEBUG_INFORMATION_FORMAT = dwarf;
				ENABLE_STRICT_OBJC_MSGSEND = YES;
				ENABLE_TESTABILITY = YES;
				ENABLE_USER_SCRIPT_SANDBOXING = YES;
				GCC_C_LANGUAGE_STANDARD = gnu17;
				GCC_DYNAMIC_NO_PIC = NO;
				GCC_NO_COMMON_BLOCKS = YES;
				GCC_OPTIMIZATION_LEVEL = 0;
				GCC_PREPROCESSOR_DEFINITIONS = (
					"DEBUG=1",
					"$(inherited)",
				);
				GCC_WARN_64_TO_32_BIT_CONVERSION = YES;
				GCC_WARN_ABOUT_RETURN_TYPE = YES_ERROR;
				GCC_WARN_UNDECLARED_SELECTOR = YES;
				GCC_WARN_UNINITIALIZED_AUTOS = YES_AGGRESSIVE;
				GCC_WARN_UNUSED_FUNCTION = YES;
				GCC_WARN_UNUSED_VARIABLE = YES;
				LOCALIZATION_PREFERS_STRING_CATALOGS = YES;
				MTL_ENABLE_DEBUG_INFO = INCLUDE_SOURCE;
				MTL_FAST_MATH = YES;
				ONLY_ACTIVE_ARCH = YES;
				SDKROOT = macosx;
				SWIFT_ACTIVE_COMPILATION_CONDITIONS = "DEBUG $(inherited)";
				SWIFT_OPTIMIZATION_LEVEL = "-Onone";
			};
			name = Debug;
		};
		A00000000000000000000061 /* Release */ = {
			isa = XCBuildConfiguration;
			buildSettings = {
				ALWAYS_SEARCH_USER_PATHS = NO;
				CLANG_ANALYZER_NONNULL = YES;
				CLANG_ANALYZER_NUMBER_OBJECT_CONVERSION = YES_AGGRESSIVE;
				CLANG_CXX_LANGUAGE_STANDARD = "gnu++20";
				CLANG_ENABLE_MODULES = YES;
				CLANG_ENABLE_OBJC_ARC = YES;
				CLANG_WARN_BLOCK_CAPTURE_AUTORELEASING = YES;
				CLANG_WARN_BOOL_CONVERSION = YES;
				CLANG_WARN_COMMA = YES;
				CLANG_WARN_CONSTANT_CONVERSION = YES;
				CLANG_WARN_DEPRECATED_OBJC_IMPLEMENTATIONS = YES;
				CLANG_WARN_DIRECT_OBJC_ISA_USAGE = YES_ERROR;
				CLANG_WARN_DOCUMENTATION_COMMENTS = YES;
				CLANG_WARN_EMPTY_BODY = YES;
				CLANG_WARN_ENUM_CONVERSION = YES;
				CLANG_WARN_INFINITE_RECURSION = YES;
				CLANG_WARN_INT_CONVERSION = YES;
				CLANG_WARN_NON_LITERAL_NULL_CONVERSION = YES;
				CLANG_WARN_OBJC_IMPLICIT_RETAIN_SELF = YES;
				CLANG_WARN_OBJC_LITERAL_CONVERSION = YES;
				CLANG_WARN_OBJC_ROOT_CLASS = YES_ERROR;
				CLANG_WARN_QUOTED_INCLUDE_IN_FRAMEWORK_HEADER = YES;
				CLANG_WARN_RANGE_LOOP_ANALYSIS = YES;
				CLANG_WARN_STRICT_PROTOTYPES = YES;
				CLANG_WARN_SUSPICIOUS_MOVE = YES;
				CLANG_WARN_UNGUARDED_AVAILABILITY = YES_AGGRESSIVE;
				CLANG_WARN_UNREACHABLE_CODE = YES;
				CLANG_WARN__DUPLICATE_METHOD_MATCH = YES;
				COPY_PHASE_STRIP = NO;
				DEBUG_INFORMATION_FORMAT = "dwarf-with-dsym";
				ENABLE_NS_ASSERTIONS = NO;
				ENABLE_STRICT_OBJC_MSGSEND = YES;
				ENABLE_USER_SCRIPT_SANDBOXING = YES;
				GCC_C_LANGUAGE_STANDARD = gnu17;
				GCC_NO_COMMON_BLOCKS = YES;
				GCC_WARN_64_TO_32_BIT_CONVERSION = YES;
				GCC_WARN_ABOUT_RETURN_TYPE = YES_ERROR;
				GCC_WARN_UNDECLARED_SELECTOR = YES;
				GCC_WARN_UNINITIALIZED_AUTOS = YES_AGGRESSIVE;
				GCC_WARN_UNUSED_FUNCTION = YES;
				GCC_WARN_UNUSED_VARIABLE = YES;
				LOCALIZATION_PREFERS_STRING_CATALOGS = YES;
				MTL_ENABLE_DEBUG_INFO = NO;
				MTL_FAST_MATH = YES;
				SDKROOT = macosx;
				SWIFT_COMPILATION_MODE = wholemodule;
			};
			name = Release;
		};
		A00000000000000000000062 /* Debug */ = {
			isa = XCBuildConfiguration;
			buildSettings = {
				CODE_SIGN_STYLE = Automatic;
				COMBINE_HIDPI_IMAGES = YES;
				CURRENT_PROJECT_VERSION = 1;
				DEAD_CODE_STRIPPING = YES;
				ENABLE_APP_SANDBOX = NO;
				ENABLE_HARDENED_RUNTIME = YES;
				ENABLE_PREVIEWS = YES;
				GENERATE_INFOPLIST_FILE = YES;
				INFOPLIST_KEY_CFBundleDisplayName = "葱启动器";
				INFOPLIST_KEY_LSApplicationCategoryType = "public.app-category.utilities";
				INFOPLIST_KEY_NSHumanReadableCopyright = "";
				LD_RUNPATH_SEARCH_PATHS = (
					"$(inherited)",
					"@executable_path/../Frameworks",
				);
				MACOSX_DEPLOYMENT_TARGET = 14.0;
				MARKETING_VERSION = 0.1;
				PRODUCT_BUNDLE_IDENTIFIER = com.konomip.NegiPad;
				PRODUCT_NAME = "$(TARGET_NAME)";
				SWIFT_EMIT_LOC_STRINGS = YES;
				SWIFT_STRICT_CONCURRENCY = complete;
				SWIFT_VERSION = 6.0;
			};
			name = Debug;
		};
		A00000000000000000000063 /* Release */ = {
			isa = XCBuildConfiguration;
			buildSettings = {
				CODE_SIGN_STYLE = Automatic;
				COMBINE_HIDPI_IMAGES = YES;
				CURRENT_PROJECT_VERSION = 1;
				DEAD_CODE_STRIPPING = YES;
				ENABLE_APP_SANDBOX = NO;
				ENABLE_HARDENED_RUNTIME = YES;
				GENERATE_INFOPLIST_FILE = YES;
				INFOPLIST_KEY_CFBundleDisplayName = "葱启动器";
				INFOPLIST_KEY_LSApplicationCategoryType = "public.app-category.utilities";
				INFOPLIST_KEY_NSHumanReadableCopyright = "";
				LD_RUNPATH_SEARCH_PATHS = (
					"$(inherited)",
					"@executable_path/../Frameworks",
				);
				MACOSX_DEPLOYMENT_TARGET = 14.0;
				MARKETING_VERSION = 0.1;
				PRODUCT_BUNDLE_IDENTIFIER = com.konomip.NegiPad;
				PRODUCT_NAME = "$(TARGET_NAME)";
				SWIFT_COMPILATION_MODE = wholemodule;
				SWIFT_EMIT_LOC_STRINGS = YES;
				SWIFT_STRICT_CONCURRENCY = complete;
				SWIFT_VERSION = 6.0;
			};
			name = Release;
		};
/* End XCBuildConfiguration section */

/* Begin XCConfigurationList section */
		A00000000000000000000050 /* Build configuration list for PBXProject "NegiPad" */ = {
			isa = XCConfigurationList;
			buildConfigurations = (
				A00000000000000000000060 /* Debug */,
				A00000000000000000000061 /* Release */,
			);
			defaultConfigurationIsVisible = 0;
			defaultConfigurationName = Release;
		};
		A00000000000000000000051 /* Build configuration list for PBXNativeTarget "NegiPad" */ = {
			isa = XCConfigurationList;
			buildConfigurations = (
				A00000000000000000000062 /* Debug */,
				A00000000000000000000063 /* Release */,
			);
			defaultConfigurationIsVisible = 0;
			defaultConfigurationName = Release;
		};
/* End XCConfigurationList section */
	};
	rootObject = A00000000000000000000001 /* Project object */;
}
